
Microsoft Visual Studio Solution File, Format Version 12.00
# Visual Studio 2013
VisualStudioVersion = 12.0.21005.1
MinimumVisualStudioVersion = 10.0.40219.1
Project("{FAE04EC0-301F-11D3-BF4B-00C04F79EFBC}") = "Iocy.Core", "Iocy.Core\Iocy.Core.csproj", "{B15D3AFD-3D5D-444B-9F63-C271489CF10E}"
EndProject
Project("{FAE04EC0-301F-11D3-BF4B-00C04F79EFBC}") = "Iocy.Core.Test", "Iocy.Core.Test\Iocy.Core.Test.csproj", "{F864CA3C-AC9E-4344-95A0-9657810B9D95}"
EndProject
Global
	GlobalSection(SolutionConfigurationPlatforms) = preSolution
		Debug|Any CPU = Debug|Any CPU
		Release|Any CPU = Release|Any CPU
	EndGlobalSection
	GlobalSection(ProjectConfigurationPlatforms) = postSolution
		{B15D3AFD-3D5D-444B-9F63-C271489CF10E}.Debug|Any CPU.ActiveCfg = Debug|Any CPU
		{B15D3AFD-3D5D-444B-9F63-C271489CF10E}.Debug|Any CPU.Build.0 = Debug|Any CPU
		{B15D3AFD-3D5D-444B-9F63-C271489CF10E}.Release|Any CPU.ActiveCfg = Release|Any CPU
		{B15D3AFD-3D5D-444B-9F63-C271489CF10E}.Release|Any CPU.Build.0 = Release|Any CPU
		{F864CA3C-AC9E-4344-95A0-9657810B9D95}.Debug|Any CPU.ActiveCfg = Debug|Any CPU
		{F864CA3C-AC9E-4344-95A0-9657810B9D95}.Debug|Any CPU.Build.0 = Debug|Any CPU
		{F864CA3C-AC9E-4344-95A0-9657810B9D95}.Release|Any CPU.ActiveCfg = Release|Any CPU
		{F864CA3C-AC9E-4344-95A0-9657810B9D95}.Release|Any CPU.Build.0 = Release|Any CPU
	EndGlobalSection
	GlobalSection(SolutionProperties) = preSolution
		HideSolutionNode = FALSE
	EndGlobalSection
EndGlobal
